{
  "pins" : [
    {
      "identity" : "popupview",
      "kind" : "remoteSourceControl",
      "location" : "https://github.com/exyte/PopupView",
      "state" : {
        "revision" : "4e64eb67d4510c96f82efd9e34b8fa5b9b397791",
        "version" : "2.8.3"
      }
    },
    {
      "identity" : "sdwebimage",
      "kind" : "remoteSourceControl",
      "location" : "https://github.com/SDWebImage/SDWebImage.git",
      "state" : {
        "revision" : "59730af512c06fb569c119d737df4c1c499e001d",
        "version" : "5.18.10"
      }
    },
    {
      "identity" : "sdwebimageswiftui",
      "kind" : "remoteSourceControl",
      "location" : "https://github.com/SDWebImage/SDWebImageSwiftUI",
      "state" : {
        "revision" : "261b6cec35686d2dc192b809ab50742b4502a73b",
        "version" : "2.2.6"
      }
    },
    {
      "identity" : "toastswiftui",
      "kind" : "remoteSourceControl",
      "location" : "https://github.com/huynguyencong/ToastSwiftUI.git",
      "state" : {
        "revision" : "dd9421d487c7f932c39604fc04b3381e9176ef13",
        "version" : "0.3.6"
      }
    }
  ],
  "version" : 2
}
