{
  "pins" : [
    {
      "identity" : "popupview",
      "kind" : "remoteSourceControl",
      "location" : "https://github.com/exyte/PopupView",
      "state" : {
        "revision" : "c7416bb9fa3944e72cedf4c1c9d6306146b17ba9",
        "version" : "2.5.6"
      }
    },
    {
      "identity" : "sdwebimage",
      "kind" : "remoteSourceControl",
      "location" : "https://github.com/SDWebImage/SDWebImage.git",
      "state" : {
        "revision" : "c51ba84499268ea3020e6aee9e229c0f56b9d924",
        "version" : "5.16.0"
      }
    },
    {
      "identity" : "sdwebimageswiftui",
      "kind" : "remoteSourceControl",
      "location" : "https://github.com/SDWebImage/SDWebImageSwiftUI",
      "state" : {
        "revision" : "e837c37d45449fbd3b4745c10c5b5274e73edead",
        "version" : "2.2.3"
      }
    },
    {
      "identity" : "toastswiftui",
      "kind" : "remoteSourceControl",
      "location" : "https://github.com/huynguyencong/ToastSwiftUI.git",
      "state" : {
        "revision" : "fc621e168dd8b308a1a4a6ea3bf6a85716d3d361",
        "version" : "0.3.4"
      }
    }
  ],
  "version" : 2
}
