// !$*UTF8*$!
{
	archiveVersion = 1;
	classes = {
	};
	objectVersion = 55;
	objects = {

/* Begin PBXBuildFile section */
		AD05604428D4BAEA004AE5B9 /* SDWebImageSwiftUI in Frameworks */ = {isa = PBXBuildFile; productRef = AD05604328D4BAEA004AE5B9 /* SDWebImageSwiftUI */; };
		AD05604628D4C590004AE5B9 /* MailDelegate.swift in Sources */ = {isa = PBXBuildFile; fileRef = AD05604528D4C590004AE5B9 /* MailDelegate.swift */; };
		AD18312E287C6D3800C04EAA /* ExtensionArray.swift in Sources */ = {isa = PBXBuildFile; fileRef = AD18312D287C6D3800C04EAA /* ExtensionArray.swift */; };
		AD183132287DC12F00C04EAA /* MainView.swift in Sources */ = {isa = PBXBuildFile; fileRef = AD183131287DC12F00C04EAA /* MainView.swift */; };
		AD183134287EEC7300C04EAA /* FlashCardStorage.swift in Sources */ = {isa = PBXBuildFile; fileRef = AD183133287EEC7300C04EAA /* FlashCardStorage.swift */; };
		AD183136287EF47300C04EAA /* FlashCard.swift in Sources */ = {isa = PBXBuildFile; fileRef = AD183135287EF47300C04EAA /* FlashCard.swift */; };
		AD183139287F2D3800C04EAA /* FlashCardView.swift in Sources */ = {isa = PBXBuildFile; fileRef = AD183138287F2D3800C04EAA /* FlashCardView.swift */; };
		AD1CAA53288EC2C700ED3A99 /* SettingsView.swift in Sources */ = {isa = PBXBuildFile; fileRef = AD1CAA52288EC2C600ED3A99 /* SettingsView.swift */; };
		AD1CAA55288ED26400ED3A99 /* CreditsView.swift in Sources */ = {isa = PBXBuildFile; fileRef = AD1CAA54288ED26300ED3A99 /* CreditsView.swift */; };
		AD1DA05A27FCAAD40049444D /* InterLexicApp.swift in Sources */ = {isa = PBXBuildFile; fileRef = AD1DA05927FCAAD40049444D /* InterLexicApp.swift */; };
		AD1DA05C27FCAAD40049444D /* TranslatorView.swift in Sources */ = {isa = PBXBuildFile; fileRef = AD1DA05B27FCAAD40049444D /* TranslatorView.swift */; };
		AD1DA05E27FCAADB0049444D /* Assets.xcassets in Resources */ = {isa = PBXBuildFile; fileRef = AD1DA05D27FCAADB0049444D /* Assets.xcassets */; };
		AD1DA06127FCAADB0049444D /* Preview Assets.xcassets in Resources */ = {isa = PBXBuildFile; fileRef = AD1DA06027FCAADB0049444D /* Preview Assets.xcassets */; };
		AD1DA06B27FCAADB0049444D /* InterLexicTests.swift in Sources */ = {isa = PBXBuildFile; fileRef = AD1DA06A27FCAADB0049444D /* InterLexicTests.swift */; };
		AD1DA07527FCAADB0049444D /* InterLexicUITests.swift in Sources */ = {isa = PBXBuildFile; fileRef = AD1DA07427FCAADB0049444D /* InterLexicUITests.swift */; };
		AD1DA07727FCAADB0049444D /* InterLexicUITestsLaunchTests.swift in Sources */ = {isa = PBXBuildFile; fileRef = AD1DA07627FCAADB0049444D /* InterLexicUITestsLaunchTests.swift */; };
		AD1DA08527FCAC3E0049444D /* Localizable.strings in Resources */ = {isa = PBXBuildFile; fileRef = AD1DA08727FCAC3E0049444D /* Localizable.strings */; };
		AD24DD7C28E3435300793B85 /* Network.swift in Sources */ = {isa = PBXBuildFile; fileRef = AD24DD7B28E3435300793B85 /* Network.swift */; };
		AD24DD8228ECC7DE00793B85 /* ToastSwiftUI in Frameworks */ = {isa = PBXBuildFile; productRef = AD24DD8128ECC7DE00793B85 /* ToastSwiftUI */; };
		AD24DD8429100DDA00793B85 /* AcknowledgementsMenuView.swift in Sources */ = {isa = PBXBuildFile; fileRef = AD24DD8329100DDA00793B85 /* AcknowledgementsMenuView.swift */; };
		AD24DD882910144800793B85 /* Acknowledgement.swift in Sources */ = {isa = PBXBuildFile; fileRef = AD24DD872910144800793B85 /* Acknowledgement.swift */; };
		AD24DD8E2910304D00793B85 /* SupportEmail.swift in Sources */ = {isa = PBXBuildFile; fileRef = AD24DD8D2910304D00793B85 /* SupportEmail.swift */; };
		AD24DD90291AAA2E00793B85 /* MailView.swift in Sources */ = {isa = PBXBuildFile; fileRef = AD24DD8F291AAA2E00793B85 /* MailView.swift */; };
		AD24DD92291AAA8E00793B85 /* ComposeMailData.swift in Sources */ = {isa = PBXBuildFile; fileRef = AD24DD91291AAA8E00793B85 /* ComposeMailData.swift */; };
		AD4B85EA280089B800030EF2 /* Translator_ViewModel.swift in Sources */ = {isa = PBXBuildFile; fileRef = AD4B85E9280089B700030EF2 /* Translator_ViewModel.swift */; };
		AD4B85EE280089E200030EF2 /* TranslationManager.swift in Sources */ = {isa = PBXBuildFile; fileRef = AD4B85ED280089E200030EF2 /* TranslationManager.swift */; };
		AD53213D2866018B004E4F44 /* ExtensionString.swift in Sources */ = {isa = PBXBuildFile; fileRef = AD53213C2866018B004E4F44 /* ExtensionString.swift */; };
		AD5321402868ABB9004E4F44 /* Language.swift in Sources */ = {isa = PBXBuildFile; fileRef = AD53213F2868ABB9004E4F44 /* Language.swift */; };
		AD55744929352DD000AD7376 /* AcknowledgmentsCellView.swift in Sources */ = {isa = PBXBuildFile; fileRef = AD55744829352DD000AD7376 /* AcknowledgmentsCellView.swift */; };
		AD642C7328A1232200D1638E /* TranslateLanguages.swift in Sources */ = {isa = PBXBuildFile; fileRef = AD642C7228A1232200D1638E /* TranslateLanguages.swift */; };
		AD642C7528A299F400D1638E /* SplashScreenView.swift in Sources */ = {isa = PBXBuildFile; fileRef = AD642C7428A299F400D1638E /* SplashScreenView.swift */; };
		AD642C7728A2B4CC00D1638E /* ExtensionColor.swift in Sources */ = {isa = PBXBuildFile; fileRef = AD642C7628A2B4CA00D1638E /* ExtensionColor.swift */; };
		AD642C7928A2BA1C00D1638E /* FlashCardDeck.swift in Sources */ = {isa = PBXBuildFile; fileRef = AD642C7828A2BA1C00D1638E /* FlashCardDeck.swift */; };
		AD752568286CA05600CD30A7 /* LanguageSelectorView.swift in Sources */ = {isa = PBXBuildFile; fileRef = AD752567286CA05500CD30A7 /* LanguageSelectorView.swift */; };
		AD75256A286DEFDA00CD30A7 /* ExtensionView.swift in Sources */ = {isa = PBXBuildFile; fileRef = AD752569286DEFDA00CD30A7 /* ExtensionView.swift */; };
		AD8259D82811BC0B00CA9805 /* Translation API.swift in Sources */ = {isa = PBXBuildFile; fileRef = AD8259D72811BC0B00CA9805 /* Translation API.swift */; };
		ADA3A2B52875E4C700193F87 /* InterLexic.xcdatamodeld in Sources */ = {isa = PBXBuildFile; fileRef = ADA3A2B32875E4C700193F87 /* InterLexic.xcdatamodeld */; };
		ADDF80AD292299F50040B93F /* CardsView.swift in Sources */ = {isa = PBXBuildFile; fileRef = ADDF80AC292299F50040B93F /* CardsView.swift */; };
		ADDF80AF292699F80040B93F /* SupportedLanguages.swift in Sources */ = {isa = PBXBuildFile; fileRef = ADDF80AE292699F80040B93F /* SupportedLanguages.swift */; };
		ADF408C9292D32DF00058C12 /* InputLanguagesSelectorView.swift in Sources */ = {isa = PBXBuildFile; fileRef = ADF408C8292D32DF00058C12 /* InputLanguagesSelectorView.swift */; };
		ADF408CB292D33C800058C12 /* ClearLanguagesSelectorView.swift in Sources */ = {isa = PBXBuildFile; fileRef = ADF408CA292D33C800058C12 /* ClearLanguagesSelectorView.swift */; };
/* End PBXBuildFile section */

/* Begin PBXContainerItemProxy section */
		AD1DA06727FCAADB0049444D /* PBXContainerItemProxy */ = {
			isa = PBXContainerItemProxy;
			containerPortal = AD1DA04E27FCAAD40049444D /* Project object */;
			proxyType = 1;
			remoteGlobalIDString = AD1DA05527FCAAD40049444D;
			remoteInfo = InterLexic;
		};
		AD1DA07127FCAADB0049444D /* PBXContainerItemProxy */ = {
			isa = PBXContainerItemProxy;
			containerPortal = AD1DA04E27FCAAD40049444D /* Project object */;
			proxyType = 1;
			remoteGlobalIDString = AD1DA05527FCAAD40049444D;
			remoteInfo = InterLexic;
		};
/* End PBXContainerItemProxy section */

/* Begin PBXFileReference section */
		AD05604528D4C590004AE5B9 /* MailDelegate.swift */ = {isa = PBXFileReference; lastKnownFileType = sourcecode.swift; path = MailDelegate.swift; sourceTree = "<group>"; };
		AD18312D287C6D3800C04EAA /* ExtensionArray.swift */ = {isa = PBXFileReference; lastKnownFileType = sourcecode.swift; path = ExtensionArray.swift; sourceTree = "<group>"; };
		AD183131287DC12F00C04EAA /* MainView.swift */ = {isa = PBXFileReference; lastKnownFileType = sourcecode.swift; path = MainView.swift; sourceTree = "<group>"; };
		AD183133287EEC7300C04EAA /* FlashCardStorage.swift */ = {isa = PBXFileReference; lastKnownFileType = sourcecode.swift; path = FlashCardStorage.swift; sourceTree = "<group>"; };
		AD183135287EF47300C04EAA /* FlashCard.swift */ = {isa = PBXFileReference; lastKnownFileType = sourcecode.swift; path = FlashCard.swift; sourceTree = "<group>"; };
		AD183138287F2D3800C04EAA /* FlashCardView.swift */ = {isa = PBXFileReference; lastKnownFileType = sourcecode.swift; path = FlashCardView.swift; sourceTree = "<group>"; };
		AD1CAA52288EC2C600ED3A99 /* SettingsView.swift */ = {isa = PBXFileReference; lastKnownFileType = sourcecode.swift; path = SettingsView.swift; sourceTree = "<group>"; };
		AD1CAA54288ED26300ED3A99 /* CreditsView.swift */ = {isa = PBXFileReference; lastKnownFileType = sourcecode.swift; path = CreditsView.swift; sourceTree = "<group>"; };
		AD1DA05627FCAAD40049444D /* InterLexic.app */ = {isa = PBXFileReference; explicitFileType = wrapper.application; includeInIndex = 0; path = InterLexic.app; sourceTree = BUILT_PRODUCTS_DIR; };
		AD1DA05927FCAAD40049444D /* InterLexicApp.swift */ = {isa = PBXFileReference; lastKnownFileType = sourcecode.swift; path = InterLexicApp.swift; sourceTree = "<group>"; };
		AD1DA05B27FCAAD40049444D /* TranslatorView.swift */ = {isa = PBXFileReference; lastKnownFileType = sourcecode.swift; path = TranslatorView.swift; sourceTree = "<group>"; };
		AD1DA05D27FCAADB0049444D /* Assets.xcassets */ = {isa = PBXFileReference; lastKnownFileType = folder.assetcatalog; path = Assets.xcassets; sourceTree = "<group>"; };
		AD1DA06027FCAADB0049444D /* Preview Assets.xcassets */ = {isa = PBXFileReference; lastKnownFileType = folder.assetcatalog; path = "Preview Assets.xcassets"; sourceTree = "<group>"; };
		AD1DA06627FCAADB0049444D /* InterLexicTests.xctest */ = {isa = PBXFileReference; explicitFileType = wrapper.cfbundle; includeInIndex = 0; path = InterLexicTests.xctest; sourceTree = BUILT_PRODUCTS_DIR; };
		AD1DA06A27FCAADB0049444D /* InterLexicTests.swift */ = {isa = PBXFileReference; lastKnownFileType = sourcecode.swift; path = InterLexicTests.swift; sourceTree = "<group>"; };
		AD1DA07027FCAADB0049444D /* InterLexicUITests.xctest */ = {isa = PBXFileReference; explicitFileType = wrapper.cfbundle; includeInIndex = 0; path = InterLexicUITests.xctest; sourceTree = BUILT_PRODUCTS_DIR; };
		AD1DA07427FCAADB0049444D /* InterLexicUITests.swift */ = {isa = PBXFileReference; lastKnownFileType = sourcecode.swift; path = InterLexicUITests.swift; sourceTree = "<group>"; };
		AD1DA07627FCAADB0049444D /* InterLexicUITestsLaunchTests.swift */ = {isa = PBXFileReference; lastKnownFileType = sourcecode.swift; path = InterLexicUITestsLaunchTests.swift; sourceTree = "<group>"; };
		AD1DA08627FCAC3E0049444D /* en */ = {isa = PBXFileReference; lastKnownFileType = text.plist.strings; name = en; path = en.lproj/Localizable.strings; sourceTree = "<group>"; };
		AD1DA08827FCAC410049444D /* ar */ = {isa = PBXFileReference; lastKnownFileType = text.plist.strings; name = ar; path = ar.lproj/Localizable.strings; sourceTree = "<group>"; };
		AD1DA08927FCAC410049444D /* zh-Hans */ = {isa = PBXFileReference; fileEncoding = 4; lastKnownFileType = text.plist.strings; name = "zh-Hans"; path = "zh-Hans.lproj/Localizable.strings"; sourceTree = "<group>"; };
		AD1DA08A27FCAC430049444D /* fr */ = {isa = PBXFileReference; lastKnownFileType = text.plist.strings; name = fr; path = fr.lproj/Localizable.strings; sourceTree = "<group>"; };
		AD1DA08B27FCAC440049444D /* es */ = {isa = PBXFileReference; lastKnownFileType = text.plist.strings; name = es; path = es.lproj/Localizable.strings; sourceTree = "<group>"; };
		AD24DD7B28E3435300793B85 /* Network.swift */ = {isa = PBXFileReference; lastKnownFileType = sourcecode.swift; path = Network.swift; sourceTree = "<group>"; };
		AD24DD8329100DDA00793B85 /* AcknowledgementsMenuView.swift */ = {isa = PBXFileReference; lastKnownFileType = sourcecode.swift; path = AcknowledgementsMenuView.swift; sourceTree = "<group>"; };
		AD24DD872910144800793B85 /* Acknowledgement.swift */ = {isa = PBXFileReference; lastKnownFileType = sourcecode.swift; path = Acknowledgement.swift; sourceTree = "<group>"; };
		AD24DD8D2910304D00793B85 /* SupportEmail.swift */ = {isa = PBXFileReference; lastKnownFileType = sourcecode.swift; path = SupportEmail.swift; sourceTree = "<group>"; };
		AD24DD8F291AAA2E00793B85 /* MailView.swift */ = {isa = PBXFileReference; lastKnownFileType = sourcecode.swift; path = MailView.swift; sourceTree = "<group>"; };
		AD24DD91291AAA8E00793B85 /* ComposeMailData.swift */ = {isa = PBXFileReference; lastKnownFileType = sourcecode.swift; path = ComposeMailData.swift; sourceTree = "<group>"; };
		AD4B85E9280089B700030EF2 /* Translator_ViewModel.swift */ = {isa = PBXFileReference; lastKnownFileType = sourcecode.swift; path = Translator_ViewModel.swift; sourceTree = "<group>"; };
		AD4B85ED280089E200030EF2 /* TranslationManager.swift */ = {isa = PBXFileReference; lastKnownFileType = sourcecode.swift; path = TranslationManager.swift; sourceTree = "<group>"; };
		AD53213C2866018B004E4F44 /* ExtensionString.swift */ = {isa = PBXFileReference; lastKnownFileType = sourcecode.swift; path = ExtensionString.swift; sourceTree = "<group>"; };
		AD53213F2868ABB9004E4F44 /* Language.swift */ = {isa = PBXFileReference; lastKnownFileType = sourcecode.swift; path = Language.swift; sourceTree = "<group>"; };
		AD55744829352DD000AD7376 /* AcknowledgmentsCellView.swift */ = {isa = PBXFileReference; lastKnownFileType = sourcecode.swift; path = AcknowledgmentsCellView.swift; sourceTree = "<group>"; };
		AD642C7228A1232200D1638E /* TranslateLanguages.swift */ = {isa = PBXFileReference; lastKnownFileType = sourcecode.swift; path = TranslateLanguages.swift; sourceTree = "<group>"; };
		AD642C7428A299F400D1638E /* SplashScreenView.swift */ = {isa = PBXFileReference; lastKnownFileType = sourcecode.swift; path = SplashScreenView.swift; sourceTree = "<group>"; };
		AD642C7628A2B4CA00D1638E /* ExtensionColor.swift */ = {isa = PBXFileReference; lastKnownFileType = sourcecode.swift; path = ExtensionColor.swift; sourceTree = "<group>"; };
		AD642C7828A2BA1C00D1638E /* FlashCardDeck.swift */ = {isa = PBXFileReference; lastKnownFileType = sourcecode.swift; path = FlashCardDeck.swift; sourceTree = "<group>"; };
		AD752567286CA05500CD30A7 /* LanguageSelectorView.swift */ = {isa = PBXFileReference; lastKnownFileType = sourcecode.swift; path = LanguageSelectorView.swift; sourceTree = "<group>"; };
		AD752569286DEFDA00CD30A7 /* ExtensionView.swift */ = {isa = PBXFileReference; lastKnownFileType = sourcecode.swift; path = ExtensionView.swift; sourceTree = "<group>"; };
		AD8259D72811BC0B00CA9805 /* Translation API.swift */ = {isa = PBXFileReference; lastKnownFileType = sourcecode.swift; path = "Translation API.swift"; sourceTree = "<group>"; };
		ADA3A2B42875E4C700193F87 /* Model.xcdatamodel */ = {isa = PBXFileReference; lastKnownFileType = wrapper.xcdatamodel; path = Model.xcdatamodel; sourceTree = "<group>"; };
		ADDF80AC292299F50040B93F /* CardsView.swift */ = {isa = PBXFileReference; lastKnownFileType = sourcecode.swift; path = CardsView.swift; sourceTree = "<group>"; };
		ADDF80AE292699F80040B93F /* SupportedLanguages.swift */ = {isa = PBXFileReference; lastKnownFileType = sourcecode.swift; path = SupportedLanguages.swift; sourceTree = "<group>"; };
		ADF408C8292D32DF00058C12 /* InputLanguagesSelectorView.swift */ = {isa = PBXFileReference; lastKnownFileType = sourcecode.swift; path = InputLanguagesSelectorView.swift; sourceTree = "<group>"; };
		ADF408CA292D33C800058C12 /* ClearLanguagesSelectorView.swift */ = {isa = PBXFileReference; lastKnownFileType = sourcecode.swift; path = ClearLanguagesSelectorView.swift; sourceTree = "<group>"; };
/* End PBXFileReference section */

/* Begin PBXFrameworksBuildPhase section */
		AD1DA05327FCAAD40049444D /* Frameworks */ = {
			isa = PBXFrameworksBuildPhase;
			buildActionMask = 2147483647;
			files = (
				AD24DD8228ECC7DE00793B85 /* ToastSwiftUI in Frameworks */,
				AD05604428D4BAEA004AE5B9 /* SDWebImageSwiftUI in Frameworks */,
			);
			runOnlyForDeploymentPostprocessing = 0;
		};
		AD1DA06327FCAADB0049444D /* Frameworks */ = {
			isa = PBXFrameworksBuildPhase;
			buildActionMask = 2147483647;
			files = (
			);
			runOnlyForDeploymentPostprocessing = 0;
		};
		AD1DA06D27FCAADB0049444D /* Frameworks */ = {
			isa = PBXFrameworksBuildPhase;
			buildActionMask = 2147483647;
			files = (
			);
			runOnlyForDeploymentPostprocessing = 0;
		};
/* End PBXFrameworksBuildPhase section */

/* Begin PBXGroup section */
		AD05604728D4C5B4004AE5B9 /* Managers */ = {
			isa = PBXGroup;
			children = (
				ADC0CFF428731E6D006B2824 /* Google Translate */,
			);
			path = Managers;
			sourceTree = "<group>";
		};
		AD183137287F2D1900C04EAA /* Sub-Views */ = {
			isa = PBXGroup;
			children = (
				AD183138287F2D3800C04EAA /* FlashCardView.swift */,
				AD24DD8F291AAA2E00793B85 /* MailView.swift */,
				ADF408C8292D32DF00058C12 /* InputLanguagesSelectorView.swift */,
				ADF408CA292D33C800058C12 /* ClearLanguagesSelectorView.swift */,
			);
			path = "Sub-Views";
			sourceTree = "<group>";
		};
		AD1DA04D27FCAAD40049444D = {
			isa = PBXGroup;
			children = (
				AD1DA05827FCAAD40049444D /* InterLexic */,
				AD1DA06927FCAADB0049444D /* InterLexicTests */,
				AD1DA07327FCAADB0049444D /* InterLexicUITests */,
				AD1DA05727FCAAD40049444D /* Products */,
			);
			sourceTree = "<group>";
		};
		AD1DA05727FCAAD40049444D /* Products */ = {
			isa = PBXGroup;
			children = (
				AD1DA05627FCAAD40049444D /* InterLexic.app */,
				AD1DA06627FCAADB0049444D /* InterLexicTests.xctest */,
				AD1DA07027FCAADB0049444D /* InterLexicUITests.xctest */,
			);
			name = Products;
			sourceTree = "<group>";
		};
		AD1DA05827FCAAD40049444D /* InterLexic */ = {
			isa = PBXGroup;
			children = (
				AD1DA05927FCAAD40049444D /* InterLexicApp.swift */,
				AD4B85F028008D0F00030EF2 /* Files */,
				AD1DA05D27FCAADB0049444D /* Assets.xcassets */,
				AD1DA05F27FCAADB0049444D /* Preview Content */,
			);
			path = InterLexic;
			sourceTree = "<group>";
		};
		AD1DA05F27FCAADB0049444D /* Preview Content */ = {
			isa = PBXGroup;
			children = (
				AD1DA06027FCAADB0049444D /* Preview Assets.xcassets */,
			);
			path = "Preview Content";
			sourceTree = "<group>";
		};
		AD1DA06927FCAADB0049444D /* InterLexicTests */ = {
			isa = PBXGroup;
			children = (
				AD1DA06A27FCAADB0049444D /* InterLexicTests.swift */,
			);
			path = InterLexicTests;
			sourceTree = "<group>";
		};
		AD1DA07327FCAADB0049444D /* InterLexicUITests */ = {
			isa = PBXGroup;
			children = (
				AD1DA07427FCAADB0049444D /* InterLexicUITests.swift */,
				AD1DA07627FCAADB0049444D /* InterLexicUITestsLaunchTests.swift */,
			);
			path = InterLexicUITests;
			sourceTree = "<group>";
		};
		AD24DD7D28E3439E00793B85 /* Services */ = {
			isa = PBXGroup;
			children = (
				AD24DD7B28E3435300793B85 /* Network.swift */,
			);
			path = Services;
			sourceTree = "<group>";
		};
		AD24DD7F28ECB9C300793B85 /* Unused */ = {
			isa = PBXGroup;
			children = (
				AD642C7228A1232200D1638E /* TranslateLanguages.swift */,
			);
			path = Unused;
			sourceTree = "<group>";
		};
		AD4B85EB280089C200030EF2 /* Views */ = {
			isa = PBXGroup;
			children = (
				AD642C7428A299F400D1638E /* SplashScreenView.swift */,
				AD183131287DC12F00C04EAA /* MainView.swift */,
				AD1DA05B27FCAAD40049444D /* TranslatorView.swift */,
				AD752567286CA05500CD30A7 /* LanguageSelectorView.swift */,
				ADDF80AC292299F50040B93F /* CardsView.swift */,
				AD1CAA52288EC2C600ED3A99 /* SettingsView.swift */,
				AD1CAA54288ED26300ED3A99 /* CreditsView.swift */,
				AD24DD8329100DDA00793B85 /* AcknowledgementsMenuView.swift */,
				AD55744829352DD000AD7376 /* AcknowledgmentsCellView.swift */,
			);
			path = Views;
			sourceTree = "<group>";
		};
		AD4B85EC280089CE00030EF2 /* Viewmodels */ = {
			isa = PBXGroup;
			children = (
				AD4B85E9280089B700030EF2 /* Translator_ViewModel.swift */,
			);
			path = Viewmodels;
			sourceTree = "<group>";
		};
		AD4B85EF280089E700030EF2 /* Model */ = {
			isa = PBXGroup;
			children = (
			);
			path = Model;
			sourceTree = "<group>";
		};
		AD4B85F028008D0F00030EF2 /* Files */ = {
			isa = PBXGroup;
			children = (
				AD24DD7D28E3439E00793B85 /* Services */,
				AD4B85EF280089E700030EF2 /* Model */,
				AD4B85EB280089C200030EF2 /* Views */,
				AD183137287F2D1900C04EAA /* Sub-Views */,
				AD4B85EC280089CE00030EF2 /* Viewmodels */,
				ADDF80AB291D4F500040B93F /* Viewcontrollers */,
				AD5321412868ABC1004E4F44 /* Types */,
				AD53213E28660197004E4F44 /* Extensions */,
				AD05604728D4C5B4004AE5B9 /* Managers */,
				AD642C7128A11E6000D1638E /* Persistence */,
				AD24DD7F28ECB9C300793B85 /* Unused */,
				AD1DA08727FCAC3E0049444D /* Localizable.strings */,
				ADA3A2B32875E4C700193F87 /* InterLexic.xcdatamodeld */,
			);
			path = Files;
			sourceTree = "<group>";
		};
		AD53213E28660197004E4F44 /* Extensions */ = {
			isa = PBXGroup;
			children = (
				AD18312D287C6D3800C04EAA /* ExtensionArray.swift */,
				AD642C7628A2B4CA00D1638E /* ExtensionColor.swift */,
				AD53213C2866018B004E4F44 /* ExtensionString.swift */,
				AD752569286DEFDA00CD30A7 /* ExtensionView.swift */,
			);
			path = Extensions;
			sourceTree = "<group>";
		};
		AD5321412868ABC1004E4F44 /* Types */ = {
			isa = PBXGroup;
			children = (
				AD24DD872910144800793B85 /* Acknowledgement.swift */,
				AD183135287EF47300C04EAA /* FlashCard.swift */,
				AD642C7828A2BA1C00D1638E /* FlashCardDeck.swift */,
				AD53213F2868ABB9004E4F44 /* Language.swift */,
				AD24DD8D2910304D00793B85 /* SupportEmail.swift */,
				AD24DD91291AAA8E00793B85 /* ComposeMailData.swift */,
			);
			path = Types;
			sourceTree = "<group>";
		};
		AD642C7128A11E6000D1638E /* Persistence */ = {
			isa = PBXGroup;
			children = (
				AD183133287EEC7300C04EAA /* FlashCardStorage.swift */,
				ADDF80AE292699F80040B93F /* SupportedLanguages.swift */,
			);
			path = Persistence;
			sourceTree = "<group>";
		};
		ADC0CFF428731E6D006B2824 /* Google Translate */ = {
			isa = PBXGroup;
			children = (
				AD4B85ED280089E200030EF2 /* TranslationManager.swift */,
				AD8259D72811BC0B00CA9805 /* Translation API.swift */,
			);
			path = "Google Translate";
			sourceTree = "<group>";
		};
		ADDF80AB291D4F500040B93F /* Viewcontrollers */ = {
			isa = PBXGroup;
			children = (
				AD05604528D4C590004AE5B9 /* MailDelegate.swift */,
			);
			path = Viewcontrollers;
			sourceTree = "<group>";
		};
/* End PBXGroup section */

/* Begin PBXNativeTarget section */
		AD1DA05527FCAAD40049444D /* InterLexic */ = {
			isa = PBXNativeTarget;
			buildConfigurationList = AD1DA07A27FCAADB0049444D /* Build configuration list for PBXNativeTarget "InterLexic" */;
			buildPhases = (
				AD1DA05227FCAAD40049444D /* Sources */,
				AD1DA05327FCAAD40049444D /* Frameworks */,
				AD1DA05427FCAAD40049444D /* Resources */,
			);
			buildRules = (
			);
			dependencies = (
			);
			name = InterLexic;
			packageProductDependencies = (
				AD05604328D4BAEA004AE5B9 /* SDWebImageSwiftUI */,
				AD24DD8128ECC7DE00793B85 /* ToastSwiftUI */,
			);
			productName = InterLexic;
			productReference = AD1DA05627FCAAD40049444D /* InterLexic.app */;
			productType = "com.apple.product-type.application";
		};
		AD1DA06527FCAADB0049444D /* InterLexicTests */ = {
			isa = PBXNativeTarget;
			buildConfigurationList = AD1DA07D27FCAADB0049444D /* Build configuration list for PBXNativeTarget "InterLexicTests" */;
			buildPhases = (
				AD1DA06227FCAADB0049444D /* Sources */,
				AD1DA06327FCAADB0049444D /* Frameworks */,
				AD1DA06427FCAADB0049444D /* Resources */,
			);
			buildRules = (
			);
			dependencies = (
				AD1DA06827FCAADB0049444D /* PBXTargetDependency */,
			);
			name = InterLexicTests;
			productName = InterLexicTests;
			productReference = AD1DA06627FCAADB0049444D /* InterLexicTests.xctest */;
			productType = "com.apple.product-type.bundle.unit-test";
		};
		AD1DA06F27FCAADB0049444D /* InterLexicUITests */ = {
			isa = PBXNativeTarget;
			buildConfigurationList = AD1DA08027FCAADB0049444D /* Build configuration list for PBXNativeTarget "InterLexicUITests" */;
			buildPhases = (
				AD1DA06C27FCAADB0049444D /* Sources */,
				AD1DA06D27FCAADB0049444D /* Frameworks */,
				AD1DA06E27FCAADB0049444D /* Resources */,
			);
			buildRules = (
			);
			dependencies = (
				AD1DA07227FCAADB0049444D /* PBXTargetDependency */,
			);
			name = InterLexicUITests;
			productName = InterLexicUITests;
			productReference = AD1DA07027FCAADB0049444D /* InterLexicUITests.xctest */;
			productType = "com.apple.product-type.bundle.ui-testing";
		};
/* End PBXNativeTarget section */

/* Begin PBXProject section */
		AD1DA04E27FCAAD40049444D /* Project object */ = {
			isa = PBXProject;
			attributes = {
				BuildIndependentTargetsInParallel = 1;
				LastSwiftUpdateCheck = 1300;
				LastUpgradeCheck = 1340;
				TargetAttributes = {
					AD1DA05527FCAAD40049444D = {
						CreatedOnToolsVersion = 13.0;
					};
					AD1DA06527FCAADB0049444D = {
						CreatedOnToolsVersion = 13.0;
						TestTargetID = AD1DA05527FCAAD40049444D;
					};
					AD1DA06F27FCAADB0049444D = {
						CreatedOnToolsVersion = 13.0;
						TestTargetID = AD1DA05527FCAAD40049444D;
					};
				};
			};
			buildConfigurationList = AD1DA05127FCAAD40049444D /* Build configuration list for PBXProject "InterLexic" */;
			compatibilityVersion = "Xcode 13.0";
			developmentRegion = en;
			hasScannedForEncodings = 0;
			knownRegions = (
				en,
				"zh-Hans",
				ar,
				fr,
				es,
			);
			mainGroup = AD1DA04D27FCAAD40049444D;
			packageReferences = (
				AD05604228D4BAE9004AE5B9 /* XCRemoteSwiftPackageReference "SDWebImageSwiftUI" */,
				AD24DD8028ECC7DE00793B85 /* XCRemoteSwiftPackageReference "ToastSwiftUI" */,
			);
			productRefGroup = AD1DA05727FCAAD40049444D /* Products */;
			projectDirPath = "";
			projectRoot = "";
			targets = (
				AD1DA05527FCAAD40049444D /* InterLexic */,
				AD1DA06527FCAADB0049444D /* InterLexicTests */,
				AD1DA06F27FCAADB0049444D /* InterLexicUITests */,
			);
		};
/* End PBXProject section */

/* Begin PBXResourcesBuildPhase section */
		AD1DA05427FCAAD40049444D /* Resources */ = {
			isa = PBXResourcesBuildPhase;
			buildActionMask = 2147483647;
			files = (
				AD1DA06127FCAADB0049444D /* Preview Assets.xcassets in Resources */,
				AD1DA08527FCAC3E0049444D /* Localizable.strings in Resources */,
				AD1DA05E27FCAADB0049444D /* Assets.xcassets in Resources */,
			);
			runOnlyForDeploymentPostprocessing = 0;
		};
		AD1DA06427FCAADB0049444D /* Resources */ = {
			isa = PBXResourcesBuildPhase;
			buildActionMask = 2147483647;
			files = (
			);
			runOnlyForDeploymentPostprocessing = 0;
		};
		AD1DA06E27FCAADB0049444D /* Resources */ = {
			isa = PBXResourcesBuildPhase;
			buildActionMask = 2147483647;
			files = (
			);
			runOnlyForDeploymentPostprocessing = 0;
		};
/* End PBXResourcesBuildPhase section */

/* Begin PBXSourcesBuildPhase section */
		AD1DA05227FCAAD40049444D /* Sources */ = {
			isa = PBXSourcesBuildPhase;
			buildActionMask = 2147483647;
			files = (
				AD24DD7C28E3435300793B85 /* Network.swift in Sources */,
				AD4B85EA280089B800030EF2 /* Translator_ViewModel.swift in Sources */,
				AD183132287DC12F00C04EAA /* MainView.swift in Sources */,
				AD183136287EF47300C04EAA /* FlashCard.swift in Sources */,
				AD642C7728A2B4CC00D1638E /* ExtensionColor.swift in Sources */,
				AD642C7928A2BA1C00D1638E /* FlashCardDeck.swift in Sources */,
				AD24DD8E2910304D00793B85 /* SupportEmail.swift in Sources */,
				AD24DD92291AAA8E00793B85 /* ComposeMailData.swift in Sources */,
				AD1CAA53288EC2C700ED3A99 /* SettingsView.swift in Sources */,
				AD24DD8429100DDA00793B85 /* AcknowledgementsMenuView.swift in Sources */,
				AD642C7328A1232200D1638E /* TranslateLanguages.swift in Sources */,
				AD75256A286DEFDA00CD30A7 /* ExtensionView.swift in Sources */,
				AD1DA05C27FCAAD40049444D /* TranslatorView.swift in Sources */,
				AD1CAA55288ED26400ED3A99 /* CreditsView.swift in Sources */,
				AD53213D2866018B004E4F44 /* ExtensionString.swift in Sources */,
				ADDF80AF292699F80040B93F /* SupportedLanguages.swift in Sources */,
				AD5321402868ABB9004E4F44 /* Language.swift in Sources */,
				AD55744929352DD000AD7376 /* AcknowledgmentsCellView.swift in Sources */,
				AD183139287F2D3800C04EAA /* FlashCardView.swift in Sources */,
				AD4B85EE280089E200030EF2 /* TranslationManager.swift in Sources */,
				ADF408C9292D32DF00058C12 /* InputLanguagesSelectorView.swift in Sources */,
				AD642C7528A299F400D1638E /* SplashScreenView.swift in Sources */,
				ADF408CB292D33C800058C12 /* ClearLanguagesSelectorView.swift in Sources */,
				AD24DD90291AAA2E00793B85 /* MailView.swift in Sources */,
				AD8259D82811BC0B00CA9805 /* Translation API.swift in Sources */,
				AD183134287EEC7300C04EAA /* FlashCardStorage.swift in Sources */,
				AD05604628D4C590004AE5B9 /* MailDelegate.swift in Sources */,
				AD752568286CA05600CD30A7 /* LanguageSelectorView.swift in Sources */,
				ADDF80AD292299F50040B93F /* CardsView.swift in Sources */,
				ADA3A2B52875E4C700193F87 /* InterLexic.xcdatamodeld in Sources */,
				AD24DD882910144800793B85 /* Acknowledgement.swift in Sources */,
				AD1DA05A27FCAAD40049444D /* InterLexicApp.swift in Sources */,
				AD18312E287C6D3800C04EAA /* ExtensionArray.swift in Sources */,
			);
			runOnlyForDeploymentPostprocessing = 0;
		};
		AD1DA06227FCAADB0049444D /* Sources */ = {
			isa = PBXSourcesBuildPhase;
			buildActionMask = 2147483647;
			files = (
				AD1DA06B27FCAADB0049444D /* InterLexicTests.swift in Sources */,
			);
			runOnlyForDeploymentPostprocessing = 0;
		};
		AD1DA06C27FCAADB0049444D /* Sources */ = {
			isa = PBXSourcesBuildPhase;
			buildActionMask = 2147483647;
			files = (
				AD1DA07527FCAADB0049444D /* InterLexicUITests.swift in Sources */,
				AD1DA07727FCAADB0049444D /* InterLexicUITestsLaunchTests.swift in Sources */,
			);
			runOnlyForDeploymentPostprocessing = 0;
		};
/* End PBXSourcesBuildPhase section */

/* Begin PBXTargetDependency section */
		AD1DA06827FCAADB0049444D /* PBXTargetDependency */ = {
			isa = PBXTargetDependency;
			target = AD1DA05527FCAAD40049444D /* InterLexic */;
			targetProxy = AD1DA06727FCAADB0049444D /* PBXContainerItemProxy */;
		};
		AD1DA07227FCAADB0049444D /* PBXTargetDependency */ = {
			isa = PBXTargetDependency;
			target = AD1DA05527FCAAD40049444D /* InterLexic */;
			targetProxy = AD1DA07127FCAADB0049444D /* PBXContainerItemProxy */;
		};
/* End PBXTargetDependency section */

/* Begin PBXVariantGroup section */
		AD1DA08727FCAC3E0049444D /* Localizable.strings */ = {
			isa = PBXVariantGroup;
			children = (
				AD1DA08627FCAC3E0049444D /* en */,
				AD1DA08827FCAC410049444D /* ar */,
				AD1DA08927FCAC410049444D /* zh-Hans */,
				AD1DA08A27FCAC430049444D /* fr */,
				AD1DA08B27FCAC440049444D /* es */,
			);
			name = Localizable.strings;
			sourceTree = "<group>";
		};
/* End PBXVariantGroup section */

/* Begin XCBuildConfiguration section */
		AD1DA07827FCAADB0049444D /* Debug */ = {
			isa = XCBuildConfiguration;
			buildSettings = {
				ALWAYS_SEARCH_USER_PATHS = NO;
				CLANG_ANALYZER_LOCALIZABILITY_NONLOCALIZED = YES;
				CLANG_ANALYZER_NONNULL = YES;
				CLANG_ANALYZER_NUMBER_OBJECT_CONVERSION = YES_AGGRESSIVE;
				CLANG_CXX_LANGUAGE_STANDARD = "gnu++17";
				CLANG_CXX_LIBRARY = "libc++";
				CLANG_ENABLE_MODULES = YES;
				CLANG_ENABLE_OBJC_ARC = YES;
				CLANG_ENABLE_OBJC_WEAK = YES;
				CLANG_WARN_BLOCK_CAPTURE_AUTORELEASING = YES;
				CLANG_WARN_BOOL_CONVERSION = YES;
				CLANG_WARN_COMMA = YES;
				CLANG_WARN_CONSTANT_CONVERSION = YES;
				CLANG_WARN_DEPRECATED_OBJC_IMPLEMENTATIONS = YES;
				CLANG_WARN_DIRECT_OBJC_ISA_USAGE = YES_ERROR;
				CLANG_WARN_DOCUMENTATION_COMMENTS = YES;
				CLANG_WARN_EMPTY_BODY = YES;
				CLANG_WARN_ENUM_CONVERSION = YES;
				CLANG_WARN_INFINITE_RECURSION = YES;
				CLANG_WARN_INT_CONVERSION = YES;
				CLANG_WARN_NON_LITERAL_NULL_CONVERSION = YES;
				CLANG_WARN_OBJC_IMPLICIT_RETAIN_SELF = YES;
				CLANG_WARN_OBJC_LITERAL_CONVERSION = YES;
				CLANG_WARN_OBJC_ROOT_CLASS = YES_ERROR;
				CLANG_WARN_QUOTED_INCLUDE_IN_FRAMEWORK_HEADER = YES;
				CLANG_WARN_RANGE_LOOP_ANALYSIS = YES;
				CLANG_WARN_STRICT_PROTOTYPES = YES;
				CLANG_WARN_SUSPICIOUS_MOVE = YES;
				CLANG_WARN_UNGUARDED_AVAILABILITY = YES_AGGRESSIVE;
				CLANG_WARN_UNREACHABLE_CODE = YES;
				CLANG_WARN__DUPLICATE_METHOD_MATCH = YES;
				COPY_PHASE_STRIP = NO;
				DEBUG_INFORMATION_FORMAT = dwarf;
				ENABLE_STRICT_OBJC_MSGSEND = YES;
				ENABLE_TESTABILITY = YES;
				GCC_C_LANGUAGE_STANDARD = gnu11;
				GCC_DYNAMIC_NO_PIC = NO;
				GCC_NO_COMMON_BLOCKS = YES;
				GCC_OPTIMIZATION_LEVEL = 0;
				GCC_PREPROCESSOR_DEFINITIONS = (
					"DEBUG=1",
					"$(inherited)",
				);
				GCC_WARN_64_TO_32_BIT_CONVERSION = YES;
				GCC_WARN_ABOUT_RETURN_TYPE = YES_ERROR;
				GCC_WARN_UNDECLARED_SELECTOR = YES;
				GCC_WARN_UNINITIALIZED_AUTOS = YES_AGGRESSIVE;
				GCC_WARN_UNUSED_FUNCTION = YES;
				GCC_WARN_UNUSED_VARIABLE = YES;
				IPHONEOS_DEPLOYMENT_TARGET = 15.0;
				MTL_ENABLE_DEBUG_INFO = INCLUDE_SOURCE;
				MTL_FAST_MATH = YES;
				ONLY_ACTIVE_ARCH = YES;
				SDKROOT = iphoneos;
				SWIFT_ACTIVE_COMPILATION_CONDITIONS = DEBUG;
				SWIFT_OPTIMIZATION_LEVEL = "-Onone";
			};
			name = Debug;
		};
		AD1DA07927FCAADB0049444D /* Release */ = {
			isa = XCBuildConfiguration;
			buildSettings = {
				ALWAYS_SEARCH_USER_PATHS = NO;
				CLANG_ANALYZER_LOCALIZABILITY_NONLOCALIZED = YES;
				CLANG_ANALYZER_NONNULL = YES;
				CLANG_ANALYZER_NUMBER_OBJECT_CONVERSION = YES_AGGRESSIVE;
				CLANG_CXX_LANGUAGE_STANDARD = "gnu++17";
				CLANG_CXX_LIBRARY = "libc++";
				CLANG_ENABLE_MODULES = YES;
				CLANG_ENABLE_OBJC_ARC = YES;
				CLANG_ENABLE_OBJC_WEAK = YES;
				CLANG_WARN_BLOCK_CAPTURE_AUTORELEASING = YES;
				CLANG_WARN_BOOL_CONVERSION = YES;
				CLANG_WARN_COMMA = YES;
				CLANG_WARN_CONSTANT_CONVERSION = YES;
				CLANG_WARN_DEPRECATED_OBJC_IMPLEMENTATIONS = YES;
				CLANG_WARN_DIRECT_OBJC_ISA_USAGE = YES_ERROR;
				CLANG_WARN_DOCUMENTATION_COMMENTS = YES;
				CLANG_WARN_EMPTY_BODY = YES;
				CLANG_WARN_ENUM_CONVERSION = YES;
				CLANG_WARN_INFINITE_RECURSION = YES;
				CLANG_WARN_INT_CONVERSION = YES;
				CLANG_WARN_NON_LITERAL_NULL_CONVERSION = YES;
				CLANG_WARN_OBJC_IMPLICIT_RETAIN_SELF = YES;
				CLANG_WARN_OBJC_LITERAL_CONVERSION = YES;
				CLANG_WARN_OBJC_ROOT_CLASS = YES_ERROR;
				CLANG_WARN_QUOTED_INCLUDE_IN_FRAMEWORK_HEADER = YES;
				CLANG_WARN_RANGE_LOOP_ANALYSIS = YES;
				CLANG_WARN_STRICT_PROTOTYPES = YES;
				CLANG_WARN_SUSPICIOUS_MOVE = YES;
				CLANG_WARN_UNGUARDED_AVAILABILITY = YES_AGGRESSIVE;
				CLANG_WARN_UNREACHABLE_CODE = YES;
				CLANG_WARN__DUPLICATE_METHOD_MATCH = YES;
				COPY_PHASE_STRIP = NO;
				DEBUG_INFORMATION_FORMAT = "dwarf-with-dsym";
				ENABLE_NS_ASSERTIONS = NO;
				ENABLE_STRICT_OBJC_MSGSEND = YES;
				GCC_C_LANGUAGE_STANDARD = gnu11;
				GCC_NO_COMMON_BLOCKS = YES;
				GCC_WARN_64_TO_32_BIT_CONVERSION = YES;
				GCC_WARN_ABOUT_RETURN_TYPE = YES_ERROR;
				GCC_WARN_UNDECLARED_SELECTOR = YES;
				GCC_WARN_UNINITIALIZED_AUTOS = YES_AGGRESSIVE;
				GCC_WARN_UNUSED_FUNCTION = YES;
				GCC_WARN_UNUSED_VARIABLE = YES;
				IPHONEOS_DEPLOYMENT_TARGET = 15.0;
				MTL_ENABLE_DEBUG_INFO = NO;
				MTL_FAST_MATH = YES;
				SDKROOT = iphoneos;
				SWIFT_COMPILATION_MODE = wholemodule;
				SWIFT_OPTIMIZATION_LEVEL = "-O";
				VALIDATE_PRODUCT = YES;
			};
			name = Release;
		};
		AD1DA07B27FCAADB0049444D /* Debug */ = {
			isa = XCBuildConfiguration;
			buildSettings = {
				ASSETCATALOG_COMPILER_APPICON_NAME = AppIcon;
				ASSETCATALOG_COMPILER_GLOBAL_ACCENT_COLOR_NAME = AccentColor;
				ASSETCATALOG_COMPILER_INCLUDE_ALL_APPICON_ASSETS = YES;
				CODE_SIGN_STYLE = Automatic;
				CURRENT_PROJECT_VERSION = 007;
				DEVELOPMENT_ASSET_PATHS = "\"InterLexic/Preview Content\"";
				DEVELOPMENT_TEAM = W6DVW7UM24;
				ENABLE_PREVIEWS = YES;
				GENERATE_INFOPLIST_FILE = YES;
				INFOPLIST_KEY_UIApplicationSceneManifest_Generation = YES;
				INFOPLIST_KEY_UIApplicationSupportsIndirectInputEvents = YES;
				INFOPLIST_KEY_UILaunchScreen_Generation = YES;
				INFOPLIST_KEY_UISupportedInterfaceOrientations = UIInterfaceOrientationPortrait;
				INFOPLIST_KEY_UISupportedInterfaceOrientations_iPad = "UIInterfaceOrientationPortrait UIInterfaceOrientationPortraitUpsideDown UIInterfaceOrientationLandscapeLeft UIInterfaceOrientationLandscapeRight";
				INFOPLIST_KEY_UISupportedInterfaceOrientations_iPhone = "UIInterfaceOrientationPortrait UIInterfaceOrientationLandscapeLeft UIInterfaceOrientationLandscapeRight";
				INFOPLIST_KEY_UIUserInterfaceStyle = Light;
				IPHONEOS_DEPLOYMENT_TARGET = 15.0;
				LD_RUNPATH_SEARCH_PATHS = (
					"$(inherited)",
					"@executable_path/Frameworks",
				);
				MARKETING_VERSION = 1.0;
				PRODUCT_BUNDLE_IDENTIFIER = com.gworrall.interlexic;
				PRODUCT_NAME = "$(TARGET_NAME)";
				SWIFT_EMIT_LOC_STRINGS = YES;
				SWIFT_VERSION = 5.0;
				TARGETED_DEVICE_FAMILY = "1,2";
			};
			name = Debug;
		};
		AD1DA07C27FCAADB0049444D /* Release */ = {
			isa = XCBuildConfiguration;
			buildSettings = {
				ASSETCATALOG_COMPILER_APPICON_NAME = AppIcon;
				ASSETCATALOG_COMPILER_GLOBAL_ACCENT_COLOR_NAME = AccentColor;
				ASSETCATALOG_COMPILER_INCLUDE_ALL_APPICON_ASSETS = YES;
				CODE_SIGN_STYLE = Automatic;
				CURRENT_PROJECT_VERSION = 007;
				DEVELOPMENT_ASSET_PATHS = "\"InterLexic/Preview Content\"";
				DEVELOPMENT_TEAM = W6DVW7UM24;
				ENABLE_PREVIEWS = YES;
				GENERATE_INFOPLIST_FILE = YES;
				INFOPLIST_KEY_UIApplicationSceneManifest_Generation = YES;
				INFOPLIST_KEY_UIApplicationSupportsIndirectInputEvents = YES;
				INFOPLIST_KEY_UILaunchScreen_Generation = YES;
				INFOPLIST_KEY_UISupportedInterfaceOrientations = UIInterfaceOrientationPortrait;
				INFOPLIST_KEY_UISupportedInterfaceOrientations_iPad = "UIInterfaceOrientationPortrait UIInterfaceOrientationPortraitUpsideDown UIInterfaceOrientationLandscapeLeft UIInterfaceOrientationLandscapeRight";
				INFOPLIST_KEY_UISupportedInterfaceOrientations_iPhone = "UIInterfaceOrientationPortrait UIInterfaceOrientationLandscapeLeft UIInterfaceOrientationLandscapeRight";
				INFOPLIST_KEY_UIUserInterfaceStyle = Light;
				IPHONEOS_DEPLOYMENT_TARGET = 15.0;
				LD_RUNPATH_SEARCH_PATHS = (
					"$(inherited)",
					"@executable_path/Frameworks",
				);
				MARKETING_VERSION = 1.0;
				PRODUCT_BUNDLE_IDENTIFIER = com.gworrall.interlexic;
				PRODUCT_NAME = "$(TARGET_NAME)";
				SWIFT_EMIT_LOC_STRINGS = YES;
				SWIFT_VERSION = 5.0;
				TARGETED_DEVICE_FAMILY = "1,2";
			};
			name = Release;
		};
		AD1DA07E27FCAADB0049444D /* Debug */ = {
			isa = XCBuildConfiguration;
			buildSettings = {
				ALWAYS_EMBED_SWIFT_STANDARD_LIBRARIES = YES;
				BUNDLE_LOADER = "$(TEST_HOST)";
				CODE_SIGN_STYLE = Automatic;
				CURRENT_PROJECT_VERSION = 1;
				GENERATE_INFOPLIST_FILE = YES;
				IPHONEOS_DEPLOYMENT_TARGET = 15.0;
				LD_RUNPATH_SEARCH_PATHS = (
					"$(inherited)",
					"@executable_path/Frameworks",
					"@loader_path/Frameworks",
				);
				MARKETING_VERSION = 1.0;
				PRODUCT_BUNDLE_IDENTIFIER = com.GWorrall.InterLexicTests;
				PRODUCT_NAME = "$(TARGET_NAME)";
				SWIFT_EMIT_LOC_STRINGS = NO;
				SWIFT_VERSION = 5.0;
				TARGETED_DEVICE_FAMILY = "1,2";
				TEST_HOST = "$(BUILT_PRODUCTS_DIR)/InterLexic.app/InterLexic";
			};
			name = Debug;
		};
		AD1DA07F27FCAADB0049444D /* Release */ = {
			isa = XCBuildConfiguration;
			buildSettings = {
				ALWAYS_EMBED_SWIFT_STANDARD_LIBRARIES = YES;
				BUNDLE_LOADER = "$(TEST_HOST)";
				CODE_SIGN_STYLE = Automatic;
				CURRENT_PROJECT_VERSION = 1;
				GENERATE_INFOPLIST_FILE = YES;
				IPHONEOS_DEPLOYMENT_TARGET = 15.0;
				LD_RUNPATH_SEARCH_PATHS = (
					"$(inherited)",
					"@executable_path/Frameworks",
					"@loader_path/Frameworks",
				);
				MARKETING_VERSION = 1.0;
				PRODUCT_BUNDLE_IDENTIFIER = com.GWorrall.InterLexicTests;
				PRODUCT_NAME = "$(TARGET_NAME)";
				SWIFT_EMIT_LOC_STRINGS = NO;
				SWIFT_VERSION = 5.0;
				TARGETED_DEVICE_FAMILY = "1,2";
				TEST_HOST = "$(BUILT_PRODUCTS_DIR)/InterLexic.app/InterLexic";
			};
			name = Release;
		};
		AD1DA08127FCAADB0049444D /* Debug */ = {
			isa = XCBuildConfiguration;
			buildSettings = {
				ALWAYS_EMBED_SWIFT_STANDARD_LIBRARIES = YES;
				CODE_SIGN_STYLE = Automatic;
				CURRENT_PROJECT_VERSION = 1;
				GENERATE_INFOPLIST_FILE = YES;
				LD_RUNPATH_SEARCH_PATHS = (
					"$(inherited)",
					"@executable_path/Frameworks",
					"@loader_path/Frameworks",
				);
				MARKETING_VERSION = 1.0;
				PRODUCT_BUNDLE_IDENTIFIER = com.GWorrall.InterLexicUITests;
				PRODUCT_NAME = "$(TARGET_NAME)";
				SWIFT_EMIT_LOC_STRINGS = NO;
				SWIFT_VERSION = 5.0;
				TARGETED_DEVICE_FAMILY = "1,2";
				TEST_TARGET_NAME = InterLexic;
			};
			name = Debug;
		};
		AD1DA08227FCAADB0049444D /* Release */ = {
			isa = XCBuildConfiguration;
			buildSettings = {
				ALWAYS_EMBED_SWIFT_STANDARD_LIBRARIES = YES;
				CODE_SIGN_STYLE = Automatic;
				CURRENT_PROJECT_VERSION = 1;
				GENERATE_INFOPLIST_FILE = YES;
				LD_RUNPATH_SEARCH_PATHS = (
					"$(inherited)",
					"@executable_path/Frameworks",
					"@loader_path/Frameworks",
				);
				MARKETING_VERSION = 1.0;
				PRODUCT_BUNDLE_IDENTIFIER = com.GWorrall.InterLexicUITests;
				PRODUCT_NAME = "$(TARGET_NAME)";
				SWIFT_EMIT_LOC_STRINGS = NO;
				SWIFT_VERSION = 5.0;
				TARGETED_DEVICE_FAMILY = "1,2";
				TEST_TARGET_NAME = InterLexic;
			};
			name = Release;
		};
/* End XCBuildConfiguration section */

/* Begin XCConfigurationList section */
		AD1DA05127FCAAD40049444D /* Build configuration list for PBXProject "InterLexic" */ = {
			isa = XCConfigurationList;
			buildConfigurations = (
				AD1DA07827FCAADB0049444D /* Debug */,
				AD1DA07927FCAADB0049444D /* Release */,
			);
			defaultConfigurationIsVisible = 0;
			defaultConfigurationName = Release;
		};
		AD1DA07A27FCAADB0049444D /* Build configuration list for PBXNativeTarget "InterLexic" */ = {
			isa = XCConfigurationList;
			buildConfigurations = (
				AD1DA07B27FCAADB0049444D /* Debug */,
				AD1DA07C27FCAADB0049444D /* Release */,
			);
			defaultConfigurationIsVisible = 0;
			defaultConfigurationName = Release;
		};
		AD1DA07D27FCAADB0049444D /* Build configuration list for PBXNativeTarget "InterLexicTests" */ = {
			isa = XCConfigurationList;
			buildConfigurations = (
				AD1DA07E27FCAADB0049444D /* Debug */,
				AD1DA07F27FCAADB0049444D /* Release */,
			);
			defaultConfigurationIsVisible = 0;
			defaultConfigurationName = Release;
		};
		AD1DA08027FCAADB0049444D /* Build configuration list for PBXNativeTarget "InterLexicUITests" */ = {
			isa = XCConfigurationList;
			buildConfigurations = (
				AD1DA08127FCAADB0049444D /* Debug */,
				AD1DA08227FCAADB0049444D /* Release */,
			);
			defaultConfigurationIsVisible = 0;
			defaultConfigurationName = Release;
		};
/* End XCConfigurationList section */

/* Begin XCRemoteSwiftPackageReference section */
		AD05604228D4BAE9004AE5B9 /* XCRemoteSwiftPackageReference "SDWebImageSwiftUI" */ = {
			isa = XCRemoteSwiftPackageReference;
			repositoryURL = "https://github.com/SDWebImage/SDWebImageSwiftUI";
			requirement = {
				kind = upToNextMajorVersion;
				minimumVersion = 2.0.0;
			};
		};
		AD24DD8028ECC7DE00793B85 /* XCRemoteSwiftPackageReference "ToastSwiftUI" */ = {
			isa = XCRemoteSwiftPackageReference;
			repositoryURL = "https://github.com/huynguyencong/ToastSwiftUI.git";
			requirement = {
				kind = upToNextMajorVersion;
				minimumVersion = 0.3.4;
			};
		};
/* End XCRemoteSwiftPackageReference section */

/* Begin XCSwiftPackageProductDependency section */
		AD05604328D4BAEA004AE5B9 /* SDWebImageSwiftUI */ = {
			isa = XCSwiftPackageProductDependency;
			package = AD05604228D4BAE9004AE5B9 /* XCRemoteSwiftPackageReference "SDWebImageSwiftUI" */;
			productName = SDWebImageSwiftUI;
		};
		AD24DD8128ECC7DE00793B85 /* ToastSwiftUI */ = {
			isa = XCSwiftPackageProductDependency;
			package = AD24DD8028ECC7DE00793B85 /* XCRemoteSwiftPackageReference "ToastSwiftUI" */;
			productName = ToastSwiftUI;
		};
/* End XCSwiftPackageProductDependency section */

/* Begin XCVersionGroup section */
		ADA3A2B32875E4C700193F87 /* InterLexic.xcdatamodeld */ = {
			isa = XCVersionGroup;
			children = (
				ADA3A2B42875E4C700193F87 /* Model.xcdatamodel */,
			);
			currentVersion = ADA3A2B42875E4C700193F87 /* Model.xcdatamodel */;
			path = InterLexic.xcdatamodeld;
			sourceTree = "<group>";
			versionGroupType = wrapper.xcdatamodel;
		};
/* End XCVersionGroup section */
	};
	rootObject = AD1DA04E27FCAAD40049444D /* Project object */;
}
